{
  "name": "electron-quick-start",
  "version": "1.0.0",
  "lockfileVersion": 1,
  "requires": true,
  "dependencies": {
    "@electron/get": {
      "version": "1.7.1",
      "resolved": "https://registry.npmjs.org/@electron/get/-/get-1.7.1.tgz",
      "integrity": "sha512-+BOIzkmYbe+oOBGqSByq8zXYXCFztccoymR3uNkvX5ckJ/5xU+4peVyEvFyH6+zfv58hCo99RxgIpwuaMfRtRg==",
      "dev": true
    },
    "@types/node": {
      "version": "12.12.16",
      "resolved": "https://registry.npmjs.org/@types/node/-/node-12.12.16.tgz",
      "integrity": "sha512-vRuMyoOr5yfNf8QWxXegOjeyjpWJxFePzHzmBOIzDIzo+rSqF94RW0PkS6y4T2+VjAWLXHWrfbIJY3E3aS7lUw==",
      "dev": true
    },
    "electron": {
      "version": "7.2.4",
      "resolved": "https://registry.npmjs.org/electron/-/electron-7.2.4.tgz",
      "integrity": "sha512-Z+R692uTzXgP8AHrabE+kkrMlQJ6pnAYoINenwj9QSqaD2YbO8IuXU9DMCcUY0+VpA91ee09wFZJNUKYPMnCKg==",
      "dev": true,
      "requires": {
        "@electron/get": "^1.0.1",
        "@types/node": "^12.0.12",
        "extract-zip": "^1.0.3"
      }
    },
    "electron-packager": {
      "version": "14.1.1",
      "resolved": "https://registry.npmjs.org/electron-packager/-/electron-packager-14.1.1.tgz",
      "integrity": "sha512-PODWJ8LFfwUCniTMy4Z5iiZyVHi4W71Pvn/SxJPC6kbI3EfZvo8n5H856XATxNUGVxlmAB5qeSbRym8/f9jISg=="
    },
    "extract-zip": {
      "version": "1.6.7",
      "resolved": "https://registry.npmjs.org/extract-zip/-/extract-zip-1.6.7.tgz",
      "integrity": "sha1-qEC0uK9kAyZMjbV/Txp0Mz74H+k=",
      "dev": true,
      "dependencies": {
        "debug": {
          "version": "2.6.9",
          "resolved": "https://registry.npmjs.org/debug/-/debug-2.6.9.tgz",
          "integrity": "sha512-bC7ElrdJaJnPbAP+1EotYvqZsb3ecl5wi6Bfi6BJTUcNowp6cvspg0jXznRTKDjm/E7AdgFBVeAPVMNcKGsHMA=="
        },
        "ms": {
          "version": "2.0.0",
          "resolved": "https://registry.npmjs.org/ms/-/ms-2.0.0.tgz",
          "integrity": "sha1-VgiurfwAvmwpAd9fmGF4jeDVl8g="
        }
      }
    }
  }
}
